
Microsoft Visual Studio Solution File, Format Version 12.00
# Visual Studio 15
VisualStudioVersion = 15.0.28307.271
MinimumVisualStudioVersion = 10.0.40219.1
Project("{FAE04EC0-301F-11D3-BF4B-00C04F79EFBC}") = "NyomtatvanyKitolto", "NyomtatvanyKitolto\NyomtatvanyKitolto.csproj", "{80D30BAA-599C-4E8A-8833-8CC7DB7B01B8}"
EndProject
Project("{FAE04EC0-301F-11D3-BF4B-00C04F79EFBC}") = "Nykdocs", "Nykdocs\Nykdocs.csproj", "{D5829C68-448C-4226-AF17-33EE86DB5F5D}"
EndProject
Global
	GlobalSection(SolutionConfigurationPlatforms) = preSolution
		Debug|Any CPU = Debug|Any CPU
		Release|Any CPU = Release|Any CPU
	EndGlobalSection
	GlobalSection(ProjectConfigurationPlatforms) = postSolution
		{80D30BAA-599C-4E8A-8833-8CC7DB7B01B8}.Debug|Any CPU.ActiveCfg = Debug|Any CPU
		{80D30BAA-599C-4E8A-8833-8CC7DB7B01B8}.Debug|Any CPU.Build.0 = Debug|Any CPU
		{80D30BAA-599C-4E8A-8833-8CC7DB7B01B8}.Release|Any CPU.ActiveCfg = Release|Any CPU
		{80D30BAA-599C-4E8A-8833-8CC7DB7B01B8}.Release|Any CPU.Build.0 = Release|Any CPU
		{D5829C68-448C-4226-AF17-33EE86DB5F5D}.Debug|Any CPU.ActiveCfg = Debug|Any CPU
		{D5829C68-448C-4226-AF17-33EE86DB5F5D}.Debug|Any CPU.Build.0 = Debug|Any CPU
		{D5829C68-448C-4226-AF17-33EE86DB5F5D}.Release|Any CPU.ActiveCfg = Release|Any CPU
		{D5829C68-448C-4226-AF17-33EE86DB5F5D}.Release|Any CPU.Build.0 = Release|Any CPU
	EndGlobalSection
	GlobalSection(SolutionProperties) = preSolution
		HideSolutionNode = FALSE
	EndGlobalSection
	GlobalSection(ExtensibilityGlobals) = postSolution
		SolutionGuid = {5205DEEF-3E79-4E13-95E4-AA4BF030688C}
	EndGlobalSection
EndGlobal
